
Microsoft Visual Studio Solution File, Format Version 12.00
# Visual Studio Version 17
VisualStudioVersion = 17.4.33403.182
MinimumVisualStudioVersion = 10.0.40219.1
Project("{FAE04EC0-301F-11D3-BF4B-00C04F79EFBC}") = "HotelListing", "HotelListing\HotelListing.csproj", "{864AF351-6262-4CDA-B7D9-800D3F750CE1}"
EndProject
Project("{FAE04EC0-301F-11D3-BF4B-00C04F79EFBC}") = "HotelListing.Minimal", "HotelListing.Minimal\HotelListing.Minimal.csproj", "{65167989-1691-45D3-A5C0-2013CFD24221}"
EndProject
Global
	GlobalSection(SolutionConfigurationPlatforms) = preSolution
		Debug|Any CPU = Debug|Any CPU
		Release|Any CPU = Release|Any CPU
	EndGlobalSection
	GlobalSection(ProjectConfigurationPlatforms) = postSolution
		{864AF351-6262-4CDA-B7D9-800D3F750CE1}.Debug|Any CPU.ActiveCfg = Debug|Any CPU
		{864AF351-6262-4CDA-B7D9-800D3F750CE1}.Debug|Any CPU.Build.0 = Debug|Any CPU
		{864AF351-6262-4CDA-B7D9-800D3F750CE1}.Release|Any CPU.ActiveCfg = Release|Any CPU
		{864AF351-6262-4CDA-B7D9-800D3F750CE1}.Release|Any CPU.Build.0 = Release|Any CPU
		{65167989-1691-45D3-A5C0-2013CFD24221}.Debug|Any CPU.ActiveCfg = Debug|Any CPU
		{65167989-1691-45D3-A5C0-2013CFD24221}.Debug|Any CPU.Build.0 = Debug|Any CPU
		{65167989-1691-45D3-A5C0-2013CFD24221}.Release|Any CPU.ActiveCfg = Release|Any CPU
		{65167989-1691-45D3-A5C0-2013CFD24221}.Release|Any CPU.Build.0 = Release|Any CPU
	EndGlobalSection
	GlobalSection(SolutionProperties) = preSolution
		HideSolutionNode = FALSE
	EndGlobalSection
	GlobalSection(ExtensibilityGlobals) = postSolution
		SolutionGuid = {0E0F3D48-863B-4554-B983-A0D14EB79293}
	EndGlobalSection
EndGlobal
